
Microsoft Visual Studio Solution File, Format Version 12.00
# Visual Studio Version 16
VisualStudioVersion = 16.0.29215.179
MinimumVisualStudioVersion = 10.0.40219.1
Project("{FAE04EC0-301F-11D3-BF4B-00C04F79EFBC}") = "Convertidor de Temperatura", "Convertidor de Temperatura\Convertidor de Temperatura.csproj", "{B7B6CE62-9738-4CCC-A6C8-85A1EF65A022}"
EndProject
Global
	GlobalSection(SolutionConfigurationPlatforms) = preSolution
		Debug|Any CPU = Debug|Any CPU
		Release|Any CPU = Release|Any CPU
	EndGlobalSection
	GlobalSection(ProjectConfigurationPlatforms) = postSolution
		{B7B6CE62-9738-4CCC-A6C8-85A1EF65A022}.Debug|Any CPU.ActiveCfg = Debug|Any CPU
		{B7B6CE62-9738-4CCC-A6C8-85A1EF65A022}.Debug|Any CPU.Build.0 = Debug|Any CPU
		{B7B6CE62-9738-4CCC-A6C8-85A1EF65A022}.Release|Any CPU.ActiveCfg = Release|Any CPU
		{B7B6CE62-9738-4CCC-A6C8-85A1EF65A022}.Release|Any CPU.Build.0 = Release|Any CPU
	EndGlobalSection
	GlobalSection(SolutionProperties) = preSolution
		HideSolutionNode = FALSE
	EndGlobalSection
	GlobalSection(ExtensibilityGlobals) = postSolution
		SolutionGuid = {AC64B9CF-8C32-400D-82A7-D4999C05318E}
	EndGlobalSection
EndGlobal
